
Microsoft Visual Studio Solution File, Format Version 12.00
# Visual Studio Version 17
VisualStudioVersion = 17.8.34408.163
MinimumVisualStudioVersion = 10.0.40219.1
Project("{FAE04EC0-301F-11D3-BF4B-00C04F79EFBC}") = "FP", "FP.csproj", "{50D3EE51-5C46-46B3-A0A1-F390097FC12A}"
EndProject
Project("{FAE04EC0-301F-11D3-BF4B-00C04F79EFBC}") = "UserControlViewTest", "..\UserControlViewTest\UserControlViewTest.csproj", "{129E8496-0AB9-4BFD-BAD0-F69480FBBE54}"
EndProject
Global
	GlobalSection(SolutionConfigurationPlatforms) = preSolution
		Debug|Any CPU = Debug|Any CPU
		Release|Any CPU = Release|Any CPU
	EndGlobalSection
	GlobalSection(ProjectConfigurationPlatforms) = postSolution
		{50D3EE51-5C46-46B3-A0A1-F390097FC12A}.Debug|Any CPU.ActiveCfg = Debug|Any CPU
		{50D3EE51-5C46-46B3-A0A1-F390097FC12A}.Debug|Any CPU.Build.0 = Debug|Any CPU
		{50D3EE51-5C46-46B3-A0A1-F390097FC12A}.Release|Any CPU.ActiveCfg = Release|Any CPU
		{50D3EE51-5C46-46B3-A0A1-F390097FC12A}.Release|Any CPU.Build.0 = Release|Any CPU
		{129E8496-0AB9-4BFD-BAD0-F69480FBBE54}.Debug|Any CPU.ActiveCfg = Debug|Any CPU
		{129E8496-0AB9-4BFD-BAD0-F69480FBBE54}.Debug|Any CPU.Build.0 = Debug|Any CPU
		{129E8496-0AB9-4BFD-BAD0-F69480FBBE54}.Release|Any CPU.ActiveCfg = Release|Any CPU
		{129E8496-0AB9-4BFD-BAD0-F69480FBBE54}.Release|Any CPU.Build.0 = Release|Any CPU
	EndGlobalSection
	GlobalSection(SolutionProperties) = preSolution
		HideSolutionNode = FALSE
	EndGlobalSection
	GlobalSection(ExtensibilityGlobals) = postSolution
		SolutionGuid = {5046F4DA-9BB4-44FC-A301-326DC338C5E4}
	EndGlobalSection
EndGlobal
